# Generated by scripts/lock-requirements.sh — do not edit by hand.
# Target: CPython 3.12, linux/aarch64 (manylinux).
# Install with:  pip install --require-hashes -r requirements-full-aarch64.lock
#
absl-py==2.5.0 \
    --hash=sha256:0f17b89f2a4eaaedc4f28c622998aa690564b3012a396a4ffad0821007fe03ba
annotated-doc==0.0.4 \
    --hash=sha256:571ac1dc6991c450b25a9c2d84a3705e2ae7a53467b5d111c24fa8baabbed320
annotated-types==0.8.0 \
    --hash=sha256:f072f4d804ea359e4eaf198b1af7a8b0943881a87f31bb764f8bf219bb9419e0
anyio==4.14.2 \
    --hash=sha256:9f505dda5ac9f0c8309b5e8bd445a8c2bf7246f3ce950121e45ea15bc41d1494
attrs==26.1.0 \
    --hash=sha256:c647aa4a12dfbad9333ca4e71fe62ddc36f4e63b2d260a37a8b83d2f043ac309
av==18.0.0 \
    --hash=sha256:4d683b7747a0ba9222b8a5f81e41db5f796e7f64473454ec4fe2548e083c2fa0
certifi==2026.7.22 \
    --hash=sha256:62f22742b58a1a33014a2b6b706588a8d7e2a88ae7bd1a6ebe8c992928483775
cffi==2.1.0 \
    --hash=sha256:b6422532152adf4e59b110cb2808cee7a033800952f5c036b4af047ee43199e7
click==8.4.2 \
    --hash=sha256:e6f9f66136c816745b9d65817da91d61d957fb16e02e4dcd0552553c5a197b76
contourpy==1.3.3 \
    --hash=sha256:92d9abc807cf7d0e047b95ca5d957cf4792fcd04e920ca70d48add15c1a90ea7
ctranslate2==4.8.1 \
    --hash=sha256:5ca144b93035b9f53e6d67b7cdf5802c3fffca9aa0247940eecbd4592c68ce2f
cycler==0.12.1 \
    --hash=sha256:85cef7cff222d8644161529808465972e51340599459b8ac3ccbac5a854e0d30
fastapi==0.140.0 \
    --hash=sha256:e951c0a0d9540bf5d9a2a9e078fd415da2ab7e312d435139e7d9e2e7fe9f0b23
faster-whisper==1.2.1 \
    --hash=sha256:79a66ad50688c0b794dd501dc340a736992a6342f7f95e5811be60b5224a26a7
filelock==3.32.0 \
    --hash=sha256:d396bea984af47333ef05e50eae7eff88c84256de6112aea0ec48a233c064fe3
flatbuffers==25.12.19 \
    --hash=sha256:7634f50c427838bb021c2d66a3d1168e9d199b0607e6329399f04846d42e20b4
fonttools==4.63.0 \
    --hash=sha256:ef3048ef05dbb552b89817713d9cac912e00d0fde4a3105c00d29e52e10c89af
fsspec==2026.6.0 \
    --hash=sha256:02e0b71817df9b2169dc30a16832045764def1191b43dcff5bb85bdee212d2a1
h11==0.16.0 \
    --hash=sha256:63cf8bbe7522de3bf65932fda1d9c2772064ffb3dae62d55932da54b31cb6c86
hf-xet==1.5.2 \
    --hash=sha256:7db73c810500c54c6760be8c39d4b2e476974de85424c50063efc22fdda13025
httpcore==1.0.9 \
    --hash=sha256:2d400746a40668fc9dec9810239072b40b4484b640a8c38fd654a024c7a1bf55
httptools==0.8.0 \
    --hash=sha256:425f83884fd6343828d8c565f046cb72b6d19063f6924093e11bcd8e1548cd09
httpx==0.28.1 \
    --hash=sha256:d909fcccc110f8c7faf814ca82a9a4d816bc5a6dbfea25d6591d6985b8ba59ad
huggingface-hub==1.24.0 \
    --hash=sha256:6ed4120a84a6beec900640aa7e346bd766a6b7341e41526fef5dc8bd81fb7d59
idna==3.18 \
    --hash=sha256:7f952cbe720b688055e3f87de14f5c3e5fdaa8bc3928985c4077ca689de849a2
jax==0.7.1 \
    --hash=sha256:056e576e0e58465506125699f48111ac8891cce4c9ebf034704c42b219dfd4a6
jaxlib==0.7.1 \
    --hash=sha256:f0f1f52956b8c2518ab000a4d3d8c21be777e1d47f926ba03640e391061a41ee
kiwisolver==1.5.0 \
    --hash=sha256:b2af221f268f5af85e776a73d62b0845fc8baf8ef0abfae79d29c77d0e776aaf
matplotlib==3.11.1 \
    --hash=sha256:c52f7ad20ef476806ed212380b1d54d20310c8b86bdc2c9a68b51f0024a44472
mediapipe==0.10.18 \
    --hash=sha256:09cbf7dc1f9a2deeaaac687e5f982836623def4cbd3e827d95f86f42450d2dd1
ml-dtypes==0.5.4 \
    --hash=sha256:a7f7c643e8b1320fd958bf098aa7ecf70623a42ec5154e3be3be673f4c34d900
numpy==1.26.4 \
    --hash=sha256:9fad7dcb1aac3c7f0584a5a8133e3a43eeb2fe127f47e3632d43d677c66c102b
onnxruntime==1.28.0 \
    --hash=sha256:4e81a23df16e7acb9d51b06d30cc098e49315ef9180f97bc2221d167b4b04d9c
opencv-contrib-python==4.11.0.86 \
    --hash=sha256:f21034bc8b00eb286a0a0a92b99767bf596bfe426cf4bc2e79647d64ad0dd6da
opt-einsum==3.4.0 \
    --hash=sha256:69bb92469f86a1565195ece4ac0323943e83477171b91d24c35afe028a90d7cd
packaging==26.2 \
    --hash=sha256:5fc45236b9446107ff2415ce77c807cee2862cb6fac22b8a73826d0693b0980e
pathvalidate==3.3.1 \
    --hash=sha256:5263baab691f8e1af96092fa5137ee17df5bdfbd6cff1fcac4d6ef4bc2e1735f
pillow==12.3.0 \
    --hash=sha256:d9c7f76c0673154f044e9d78c8655fb4213f6ca31a836df48b40fe5d187717b9
piper-tts==1.6.0 \
    --hash=sha256:f42386c8674959f5f1cc396d54f9b4e417d1956cc87ab1daa7728f43ff1f5fa1
protobuf==4.25.9 \
    --hash=sha256:999146ef02e7fa6a692477badd1528bcd7268df211852a3df2d834ba2b480791
pycparser==3.0 \
    --hash=sha256:b727414169a36b7d524c1c3e31839a521725078d7b2ff038656844266160a992
pydantic-core==2.46.4 \
    --hash=sha256:8233f2947cf85404441fd7e0085f53b10c93e0ee78611099b5c7237e36aacbf7
pydantic-settings==2.14.2 \
    --hash=sha256:a20c97b37910b6550d5ea50fbcc2d4187defe58cd57070b73863d069419c9440
pydantic==2.13.4 \
    --hash=sha256:45a282cde31d808236fd7ea9d919b128653c8b38b393d1c4ab335c62924d9aba
pyparsing==3.3.2 \
    --hash=sha256:850ba148bd908d7e2411587e247a1e4f0327839c40e2e5e6d05a007ecc69911d
python-dateutil==2.9.0.post0 \
    --hash=sha256:a8b2bc7bffae282281c8140a97d3aa9c14da0b136dfe83f850eea9a5f7470427
python-dotenv==1.2.2 \
    --hash=sha256:1d8214789a24de455a8b8bd8ae6fe3c6b69a5e3d64aa8a8e5d68e694bbcb285a
pyyaml==6.0.3 \
    --hash=sha256:9149cad251584d5fb4981be1ecde53a1ca46c891a79788c0df828d2f166bda28
scipy==1.17.1 \
    --hash=sha256:e19ebea31758fac5893a2ac360fedd00116cbb7628e650842a6691ba7ca28a21
sentencepiece==0.2.2 \
    --hash=sha256:cbce24284f51f71d10a42b7b9c964dcb9048b28f1c8e5db40bcbcb6f428cba6a
setuptools==83.0.0 \
    --hash=sha256:29b23c360f22f414dc7336bb39178cc7bcbf6021ed2733cde173f09dba19abb3
six==1.17.0 \
    --hash=sha256:4721f391ed90541fddacab5acf947aa0d3dc7d27b2e1e8eda2be8970586c3274
sounddevice==0.5.5 \
    --hash=sha256:30ff99f6c107f49d25ad16a45cacd8d91c25a1bcdd3e81a206b921a3a6405b1f
starlette==1.3.1 \
    --hash=sha256:c7372aae11c3c3f26a42df7bd626cec2f47d03483d261d369516a615a53714c6
tokenizers==0.23.1 \
    --hash=sha256:1bf13402aff9bc533c89cb849ec3b412dc3fbeacc9744840e423d7bf3f7dc0e3
tqdm==4.69.1 \
    --hash=sha256:0a654b96f7a2660cceb615b56f307ec2bef96c515409014a429a561981ab52b4
typing-extensions==4.16.0 \
    --hash=sha256:481caa481374e813c1b176ada14e97f1f67a4539ce9cfeb3f350d78d6370c2e8
typing-inspection==0.4.2 \
    --hash=sha256:4ed1cacbdc298c220f1bd249ed5287caa16f34d44ef4e9c3d0cbad5b521545e7
uvicorn==0.51.0 \
    --hash=sha256:5d38af6cd620f2ae3849fb44fd4879e0890aa1febe8d47eb355fb45d93fe6a5b
uvloop==0.22.1 \
    --hash=sha256:700e674a166ca5778255e0e1dc4e9d79ab2acc57b9171b79e65feba7184b3370
watchfiles==1.2.0 \
    --hash=sha256:8f70d8b291ef6e88d19b1f297a6905ddb978888d9272b0d05e6f53309856bcfc
websockets==16.1.1 \
    --hash=sha256:8087e82f842609734c9b5a1330464f8e94e346ba0e18c832c08bafa4b0d63c15
